
Microsoft Visual Studio Solution File, Format Version 12.00
# Visual Studio Version 16
VisualStudioVersion = 16.0.31205.134
MinimumVisualStudioVersion = 10.0.40219.1
Project("{FAE04EC0-301F-11D3-BF4B-00C04F79EFBC}") = "ConsoleAppTaxCal", "ConsoleAppTaxCal\ConsoleAppTaxCal.csproj", "{8BD1F4EE-6D7F-45BC-89F5-A53696BD816A}"
EndProject
Global
	GlobalSection(SolutionConfigurationPlatforms) = preSolution
		Debug|Any CPU = Debug|Any CPU
		Release|Any CPU = Release|Any CPU
	EndGlobalSection
	GlobalSection(ProjectConfigurationPlatforms) = postSolution
		{8BD1F4EE-6D7F-45BC-89F5-A53696BD816A}.Debug|Any CPU.ActiveCfg = Debug|Any CPU
		{8BD1F4EE-6D7F-45BC-89F5-A53696BD816A}.Debug|Any CPU.Build.0 = Debug|Any CPU
		{8BD1F4EE-6D7F-45BC-89F5-A53696BD816A}.Release|Any CPU.ActiveCfg = Release|Any CPU
		{8BD1F4EE-6D7F-45BC-89F5-A53696BD816A}.Release|Any CPU.Build.0 = Release|Any CPU
	EndGlobalSection
	GlobalSection(SolutionProperties) = preSolution
		HideSolutionNode = FALSE
	EndGlobalSection
	GlobalSection(ExtensibilityGlobals) = postSolution
		SolutionGuid = {42068EE6-2F08-4A5A-9B4C-EB2F5A939E29}
	EndGlobalSection
EndGlobal
